
Microsoft Visual Studio Solution File, Format Version 12.00
# Visual Studio Version 17
VisualStudioVersion = 17.5.002.0
MinimumVisualStudioVersion = 10.0.40219.1
Project("{2150E333-8FDC-42A3-9474-1A3956D46DE8}") = "aspnet-core", "aspnet-core", "{6BE7CB4E-48EA-4EA2-AA73-1A136EC0995D}"
EndProject
Project("{2150E333-8FDC-42A3-9474-1A3956D46DE8}") = "src", "src", "{D217BE5A-4B9C-4D86-9101-6030BA0965CF}"
EndProject
Project("{9A19103F-16F7-4668-BE54-9A1E7A4F7556}") = "CompanyEmployeeProject.AppHost", "aspnet-core\src\CompanyEmployeeProject.AppHost\CompanyEmployeeProject.AppHost.csproj", "{BE2DE43E-7142-4A50-885C-E270484F52E0}"
EndProject
Project("{9A19103F-16F7-4668-BE54-9A1E7A4F7556}") = "CompanyEmployeeProject.Application", "aspnet-core\src\CompanyEmployeeProject.Application\CompanyEmployeeProject.Application.csproj", "{A2DE7DBB-28B3-492D-95F7-D5FEE08EF063}"
EndProject
Project("{9A19103F-16F7-4668-BE54-9A1E7A4F7556}") = "CompanyEmployeeProject.Application.Contracts", "aspnet-core\src\CompanyEmployeeProject.Application.Contracts\CompanyEmployeeProject.Application.Contracts.csproj", "{607BA2D9-F73E-43DB-A6D8-B7CB322D4742}"
EndProject
Project("{9A19103F-16F7-4668-BE54-9A1E7A4F7556}") = "CompanyEmployeeProject.DbMigrator", "aspnet-core\src\CompanyEmployeeProject.DbMigrator\CompanyEmployeeProject.DbMigrator.csproj", "{7791D9C9-175D-44B4-9692-D2DF5568AD20}"
EndProject
Project("{9A19103F-16F7-4668-BE54-9A1E7A4F7556}") = "CompanyEmployeeProject.Domain", "aspnet-core\src\CompanyEmployeeProject.Domain\CompanyEmployeeProject.Domain.csproj", "{22F24E06-9497-43DA-BC47-655A93006E89}"
EndProject
Project("{9A19103F-16F7-4668-BE54-9A1E7A4F7556}") = "CompanyEmployeeProject.Domain.Shared", "aspnet-core\src\CompanyEmployeeProject.Domain.Shared\CompanyEmployeeProject.Domain.Shared.csproj", "{6C138B1C-C44C-4523-AB0A-D5D3E6BEB507}"
EndProject
Project("{9A19103F-16F7-4668-BE54-9A1E7A4F7556}") = "CompanyEmployeeProject.EntityFrameworkCore", "aspnet-core\src\CompanyEmployeeProject.EntityFrameworkCore\CompanyEmployeeProject.EntityFrameworkCore.csproj", "{C9C858B1-74A1-4655-AAB4-F6A19858FE74}"
EndProject
Project("{9A19103F-16F7-4668-BE54-9A1E7A4F7556}") = "CompanyEmployeeProject.HttpApi", "aspnet-core\src\CompanyEmployeeProject.HttpApi\CompanyEmployeeProject.HttpApi.csproj", "{90EDC8DC-6F0F-4FDE-99C5-84B79468B08D}"
EndProject
Project("{9A19103F-16F7-4668-BE54-9A1E7A4F7556}") = "CompanyEmployeeProject.HttpApi.Client", "aspnet-core\src\CompanyEmployeeProject.HttpApi.Client\CompanyEmployeeProject.HttpApi.Client.csproj", "{47B8C338-5D3F-48B3-9FDE-0E671B8805E3}"
EndProject
Project("{9A19103F-16F7-4668-BE54-9A1E7A4F7556}") = "CompanyEmployeeProject.HttpApi.Host", "aspnet-core\src\CompanyEmployeeProject.HttpApi.Host\CompanyEmployeeProject.HttpApi.Host.csproj", "{39B75D24-2DA8-402F-8E16-2291990AE96A}"
EndProject
Project("{2150E333-8FDC-42A3-9474-1A3956D46DE8}") = "test", "test", "{8CED6378-94BC-4AD0-ACD1-F448E84E6582}"
EndProject
Project("{9A19103F-16F7-4668-BE54-9A1E7A4F7556}") = "CompanyEmployeeProject.Application.Tests", "aspnet-core\test\CompanyEmployeeProject.Application.Tests\CompanyEmployeeProject.Application.Tests.csproj", "{694E2AF2-DEAD-4420-ACD0-16C8D172DF72}"
EndProject
Project("{9A19103F-16F7-4668-BE54-9A1E7A4F7556}") = "CompanyEmployeeProject.Domain.Tests", "aspnet-core\test\CompanyEmployeeProject.Domain.Tests\CompanyEmployeeProject.Domain.Tests.csproj", "{8F5C4862-1B5A-4EEA-A6FE-E2A89DA90F64}"
EndProject
Project("{9A19103F-16F7-4668-BE54-9A1E7A4F7556}") = "CompanyEmployeeProject.EntityFrameworkCore.Tests", "aspnet-core\test\CompanyEmployeeProject.EntityFrameworkCore.Tests\CompanyEmployeeProject.EntityFrameworkCore.Tests.csproj", "{8956D893-CABA-4C0E-BFF3-514F44DA9BCB}"
EndProject
Project("{9A19103F-16F7-4668-BE54-9A1E7A4F7556}") = "CompanyEmployeeProject.HttpApi.Client.ConsoleTestApp", "aspnet-core\test\CompanyEmployeeProject.HttpApi.Client.ConsoleTestApp\CompanyEmployeeProject.HttpApi.Client.ConsoleTestApp.csproj", "{4B8FAA7C-5BBA-49F1-BB8B-8A5C88D1DB9D}"
EndProject
Project("{9A19103F-16F7-4668-BE54-9A1E7A4F7556}") = "CompanyEmployeeProject.TestBase", "aspnet-core\test\CompanyEmployeeProject.TestBase\CompanyEmployeeProject.TestBase.csproj", "{D57173E2-DEA0-43EC-A112-523A3608A260}"
EndProject
Global
	GlobalSection(SolutionConfigurationPlatforms) = preSolution
		Debug|Any CPU = Debug|Any CPU
		Release|Any CPU = Release|Any CPU
	EndGlobalSection
	GlobalSection(ProjectConfigurationPlatforms) = postSolution
		{BE2DE43E-7142-4A50-885C-E270484F52E0}.Debug|Any CPU.ActiveCfg = Debug|Any CPU
		{BE2DE43E-7142-4A50-885C-E270484F52E0}.Debug|Any CPU.Build.0 = Debug|Any CPU
		{BE2DE43E-7142-4A50-885C-E270484F52E0}.Release|Any CPU.ActiveCfg = Release|Any CPU
		{BE2DE43E-7142-4A50-885C-E270484F52E0}.Release|Any CPU.Build.0 = Release|Any CPU
		{A2DE7DBB-28B3-492D-95F7-D5FEE08EF063}.Debug|Any CPU.ActiveCfg = Debug|Any CPU
		{A2DE7DBB-28B3-492D-95F7-D5FEE08EF063}.Debug|Any CPU.Build.0 = Debug|Any CPU
		{A2DE7DBB-28B3-492D-95F7-D5FEE08EF063}.Release|Any CPU.ActiveCfg = Release|Any CPU
		{A2DE7DBB-28B3-492D-95F7-D5FEE08EF063}.Release|Any CPU.Build.0 = Release|Any CPU
		{607BA2D9-F73E-43DB-A6D8-B7CB322D4742}.Debug|Any CPU.ActiveCfg = Debug|Any CPU
		{607BA2D9-F73E-43DB-A6D8-B7CB322D4742}.Debug|Any CPU.Build.0 = Debug|Any CPU
		{607BA2D9-F73E-43DB-A6D8-B7CB322D4742}.Release|Any CPU.ActiveCfg = Release|Any CPU
		{607BA2D9-F73E-43DB-A6D8-B7CB322D4742}.Release|Any CPU.Build.0 = Release|Any CPU
		{7791D9C9-175D-44B4-9692-D2DF5568AD20}.Debug|Any CPU.ActiveCfg = Debug|Any CPU
		{7791D9C9-175D-44B4-9692-D2DF5568AD20}.Debug|Any CPU.Build.0 = Debug|Any CPU
		{7791D9C9-175D-44B4-9692-D2DF5568AD20}.Release|Any CPU.ActiveCfg = Release|Any CPU
		{7791D9C9-175D-44B4-9692-D2DF5568AD20}.Release|Any CPU.Build.0 = Release|Any CPU
		{22F24E06-9497-43DA-BC47-655A93006E89}.Debug|Any CPU.ActiveCfg = Debug|Any CPU
		{22F24E06-9497-43DA-BC47-655A93006E89}.Debug|Any CPU.Build.0 = Debug|Any CPU
		{22F24E06-9497-43DA-BC47-655A93006E89}.Release|Any CPU.ActiveCfg = Release|Any CPU
		{22F24E06-9497-43DA-BC47-655A93006E89}.Release|Any CPU.Build.0 = Release|Any CPU
		{6C138B1C-C44C-4523-AB0A-D5D3E6BEB507}.Debug|Any CPU.ActiveCfg = Debug|Any CPU
		{6C138B1C-C44C-4523-AB0A-D5D3E6BEB507}.Debug|Any CPU.Build.0 = Debug|Any CPU
		{6C138B1C-C44C-4523-AB0A-D5D3E6BEB507}.Release|Any CPU.ActiveCfg = Release|Any CPU
		{6C138B1C-C44C-4523-AB0A-D5D3E6BEB507}.Release|Any CPU.Build.0 = Release|Any CPU
		{C9C858B1-74A1-4655-AAB4-F6A19858FE74}.Debug|Any CPU.ActiveCfg = Debug|Any CPU
		{C9C858B1-74A1-4655-AAB4-F6A19858FE74}.Debug|Any CPU.Build.0 = Debug|Any CPU
		{C9C858B1-74A1-4655-AAB4-F6A19858FE74}.Release|Any CPU.ActiveCfg = Release|Any CPU
		{C9C858B1-74A1-4655-AAB4-F6A19858FE74}.Release|Any CPU.Build.0 = Release|Any CPU
		{90EDC8DC-6F0F-4FDE-99C5-84B79468B08D}.Debug|Any CPU.ActiveCfg = Debug|Any CPU
		{90EDC8DC-6F0F-4FDE-99C5-84B79468B08D}.Debug|Any CPU.Build.0 = Debug|Any CPU
		{90EDC8DC-6F0F-4FDE-99C5-84B79468B08D}.Release|Any CPU.ActiveCfg = Release|Any CPU
		{90EDC8DC-6F0F-4FDE-99C5-84B79468B08D}.Release|Any CPU.Build.0 = Release|Any CPU
		{47B8C338-5D3F-48B3-9FDE-0E671B8805E3}.Debug|Any CPU.ActiveCfg = Debug|Any CPU
		{47B8C338-5D3F-48B3-9FDE-0E671B8805E3}.Debug|Any CPU.Build.0 = Debug|Any CPU
		{47B8C338-5D3F-48B3-9FDE-0E671B8805E3}.Release|Any CPU.ActiveCfg = Release|Any CPU
		{47B8C338-5D3F-48B3-9FDE-0E671B8805E3}.Release|Any CPU.Build.0 = Release|Any CPU
		{39B75D24-2DA8-402F-8E16-2291990AE96A}.Debug|Any CPU.ActiveCfg = Debug|Any CPU
		{39B75D24-2DA8-402F-8E16-2291990AE96A}.Debug|Any CPU.Build.0 = Debug|Any CPU
		{39B75D24-2DA8-402F-8E16-2291990AE96A}.Release|Any CPU.ActiveCfg = Release|Any CPU
		{39B75D24-2DA8-402F-8E16-2291990AE96A}.Release|Any CPU.Build.0 = Release|Any CPU
		{694E2AF2-DEAD-4420-ACD0-16C8D172DF72}.Debug|Any CPU.ActiveCfg = Debug|Any CPU
		{694E2AF2-DEAD-4420-ACD0-16C8D172DF72}.Debug|Any CPU.Build.0 = Debug|Any CPU
		{694E2AF2-DEAD-4420-ACD0-16C8D172DF72}.Release|Any CPU.ActiveCfg = Release|Any CPU
		{694E2AF2-DEAD-4420-ACD0-16C8D172DF72}.Release|Any CPU.Build.0 = Release|Any CPU
		{8F5C4862-1B5A-4EEA-A6FE-E2A89DA90F64}.Debug|Any CPU.ActiveCfg = Debug|Any CPU
		{8F5C4862-1B5A-4EEA-A6FE-E2A89DA90F64}.Debug|Any CPU.Build.0 = Debug|Any CPU
		{8F5C4862-1B5A-4EEA-A6FE-E2A89DA90F64}.Release|Any CPU.ActiveCfg = Release|Any CPU
		{8F5C4862-1B5A-4EEA-A6FE-E2A89DA90F64}.Release|Any CPU.Build.0 = Release|Any CPU
		{8956D893-CABA-4C0E-BFF3-514F44DA9BCB}.Debug|Any CPU.ActiveCfg = Debug|Any CPU
		{8956D893-CABA-4C0E-BFF3-514F44DA9BCB}.Debug|Any CPU.Build.0 = Debug|Any CPU
		{8956D893-CABA-4C0E-BFF3-514F44DA9BCB}.Release|Any CPU.ActiveCfg = Release|Any CPU
		{8956D893-CABA-4C0E-BFF3-514F44DA9BCB}.Release|Any CPU.Build.0 = Release|Any CPU
		{4B8FAA7C-5BBA-49F1-BB8B-8A5C88D1DB9D}.Debug|Any CPU.ActiveCfg = Debug|Any CPU
		{4B8FAA7C-5BBA-49F1-BB8B-8A5C88D1DB9D}.Debug|Any CPU.Build.0 = Debug|Any CPU
		{4B8FAA7C-5BBA-49F1-BB8B-8A5C88D1DB9D}.Release|Any CPU.ActiveCfg = Release|Any CPU
		{4B8FAA7C-5BBA-49F1-BB8B-8A5C88D1DB9D}.Release|Any CPU.Build.0 = Release|Any CPU
		{D57173E2-DEA0-43EC-A112-523A3608A260}.Debug|Any CPU.ActiveCfg = Debug|Any CPU
		{D57173E2-DEA0-43EC-A112-523A3608A260}.Debug|Any CPU.Build.0 = Debug|Any CPU
		{D57173E2-DEA0-43EC-A112-523A3608A260}.Release|Any CPU.ActiveCfg = Release|Any CPU
		{D57173E2-DEA0-43EC-A112-523A3608A260}.Release|Any CPU.Build.0 = Release|Any CPU
	EndGlobalSection
	GlobalSection(SolutionProperties) = preSolution
		HideSolutionNode = FALSE
	EndGlobalSection
	GlobalSection(NestedProjects) = preSolution
		{D217BE5A-4B9C-4D86-9101-6030BA0965CF} = {6BE7CB4E-48EA-4EA2-AA73-1A136EC0995D}
		{BE2DE43E-7142-4A50-885C-E270484F52E0} = {D217BE5A-4B9C-4D86-9101-6030BA0965CF}
		{A2DE7DBB-28B3-492D-95F7-D5FEE08EF063} = {D217BE5A-4B9C-4D86-9101-6030BA0965CF}
		{607BA2D9-F73E-43DB-A6D8-B7CB322D4742} = {D217BE5A-4B9C-4D86-9101-6030BA0965CF}
		{7791D9C9-175D-44B4-9692-D2DF5568AD20} = {D217BE5A-4B9C-4D86-9101-6030BA0965CF}
		{22F24E06-9497-43DA-BC47-655A93006E89} = {D217BE5A-4B9C-4D86-9101-6030BA0965CF}
		{6C138B1C-C44C-4523-AB0A-D5D3E6BEB507} = {D217BE5A-4B9C-4D86-9101-6030BA0965CF}
		{C9C858B1-74A1-4655-AAB4-F6A19858FE74} = {D217BE5A-4B9C-4D86-9101-6030BA0965CF}
		{90EDC8DC-6F0F-4FDE-99C5-84B79468B08D} = {D217BE5A-4B9C-4D86-9101-6030BA0965CF}
		{47B8C338-5D3F-48B3-9FDE-0E671B8805E3} = {D217BE5A-4B9C-4D86-9101-6030BA0965CF}
		{39B75D24-2DA8-402F-8E16-2291990AE96A} = {D217BE5A-4B9C-4D86-9101-6030BA0965CF}
		{8CED6378-94BC-4AD0-ACD1-F448E84E6582} = {6BE7CB4E-48EA-4EA2-AA73-1A136EC0995D}
		{694E2AF2-DEAD-4420-ACD0-16C8D172DF72} = {8CED6378-94BC-4AD0-ACD1-F448E84E6582}
		{8F5C4862-1B5A-4EEA-A6FE-E2A89DA90F64} = {8CED6378-94BC-4AD0-ACD1-F448E84E6582}
		{8956D893-CABA-4C0E-BFF3-514F44DA9BCB} = {8CED6378-94BC-4AD0-ACD1-F448E84E6582}
		{4B8FAA7C-5BBA-49F1-BB8B-8A5C88D1DB9D} = {8CED6378-94BC-4AD0-ACD1-F448E84E6582}
		{D57173E2-DEA0-43EC-A112-523A3608A260} = {8CED6378-94BC-4AD0-ACD1-F448E84E6582}
	EndGlobalSection
	GlobalSection(ExtensibilityGlobals) = postSolution
		SolutionGuid = {12107EFB-44F6-458A-8A3A-FE1858575326}
	EndGlobalSection
EndGlobal
